// !$*UTF8*$!
{
	archiveVersion = 1;
	classes = {
	};
	objectVersion = 50;
	objects = {

/* Begin PBXBuildFile section */
		D91B8EC3269A54FC00935D0E /* AppDelegate.swift in Sources */ = {isa = PBXBuildFile; fileRef = D91B8EC2269A54FC00935D0E /* AppDelegate.swift */; };
		D91B8EC5269A54FC00935D0E /* SceneDelegate.swift in Sources */ = {isa = PBXBuildFile; fileRef = D91B8EC4269A54FC00935D0E /* SceneDelegate.swift */; };
		D91B8EC7269A54FC00935D0E /* BaseTabBarViewController.swift in Sources */ = {isa = PBXBuildFile; fileRef = D91B8EC6269A54FC00935D0E /* BaseTabBarViewController.swift */; };
		D91B8ECA269A54FC00935D0E /* Main.storyboard in Resources */ = {isa = PBXBuildFile; fileRef = D91B8EC8269A54FC00935D0E /* Main.storyboard */; };
		D91B8ECC269A54FC00935D0E /* Assets.xcassets in Resources */ = {isa = PBXBuildFile; fileRef = D91B8ECB269A54FC00935D0E /* Assets.xcassets */; };
		D91B8ECF269A54FC00935D0E /* LaunchScreen.storyboard in Resources */ = {isa = PBXBuildFile; fileRef = D91B8ECD269A54FC00935D0E /* LaunchScreen.storyboard */; };
		D91B8EEB269A580A00935D0E /* HomeViewController.swift in Sources */ = {isa = PBXBuildFile; fileRef = D91B8EEA269A580A00935D0E /* HomeViewController.swift */; };
		D91B8EEE269A581400935D0E /* TimesViewController.swift in Sources */ = {isa = PBXBuildFile; fileRef = D91B8EED269A581400935D0E /* TimesViewController.swift */; };
		D91B8EF1269A581E00935D0E /* QiblaViewController.swift in Sources */ = {isa = PBXBuildFile; fileRef = D91B8EF0269A581E00935D0E /* QiblaViewController.swift */; };
		D91B8EF4269A582A00935D0E /* QuranViewController.swift in Sources */ = {isa = PBXBuildFile; fileRef = D91B8EF3269A582A00935D0E /* QuranViewController.swift */; };
		D91B8EF7269A583400935D0E /* SettingsViewController.swift in Sources */ = {isa = PBXBuildFile; fileRef = D91B8EF6269A583400935D0E /* SettingsViewController.swift */; };
/* End PBXBuildFile section */

/* Begin PBXFileReference section */
		D91B8EBF269A54FC00935D0E /* MuslimPro.app */ = {isa = PBXFileReference; explicitFileType = wrapper.application; includeInIndex = 0; path = MuslimPro.app; sourceTree = BUILT_PRODUCTS_DIR; };
		D91B8EC2269A54FC00935D0E /* AppDelegate.swift */ = {isa = PBXFileReference; lastKnownFileType = sourcecode.swift; path = AppDelegate.swift; sourceTree = "<group>"; };
		D91B8EC4269A54FC00935D0E /* SceneDelegate.swift */ = {isa = PBXFileReference; lastKnownFileType = sourcecode.swift; path = SceneDelegate.swift; sourceTree = "<group>"; };
		D91B8EC6269A54FC00935D0E /* BaseTabBarViewController.swift */ = {isa = PBXFileReference; lastKnownFileType = sourcecode.swift; path = BaseTabBarViewController.swift; sourceTree = "<group>"; };
		D91B8EC9269A54FC00935D0E /* Base */ = {isa = PBXFileReference; lastKnownFileType = file.storyboard; name = Base; path = Base.lproj/Main.storyboard; sourceTree = "<group>"; };
		D91B8ECB269A54FC00935D0E /* Assets.xcassets */ = {isa = PBXFileReference; lastKnownFileType = folder.assetcatalog; path = Assets.xcassets; sourceTree = "<group>"; };
		D91B8ECE269A54FC00935D0E /* Base */ = {isa = PBXFileReference; lastKnownFileType = file.storyboard; name = Base; path = Base.lproj/LaunchScreen.storyboard; sourceTree = "<group>"; };
		D91B8ED0269A54FC00935D0E /* Info.plist */ = {isa = PBXFileReference; lastKnownFileType = text.plist.xml; path = Info.plist; sourceTree = "<group>"; };
		D91B8EEA269A580A00935D0E /* HomeViewController.swift */ = {isa = PBXFileReference; lastKnownFileType = sourcecode.swift; path = HomeViewController.swift; sourceTree = "<group>"; };
		D91B8EED269A581400935D0E /* TimesViewController.swift */ = {isa = PBXFileReference; lastKnownFileType = sourcecode.swift; path = TimesViewController.swift; sourceTree = "<group>"; };
		D91B8EF0269A581E00935D0E /* QiblaViewController.swift */ = {isa = PBXFileReference; lastKnownFileType = sourcecode.swift; path = QiblaViewController.swift; sourceTree = "<group>"; };
		D91B8EF3269A582A00935D0E /* QuranViewController.swift */ = {isa = PBXFileReference; lastKnownFileType = sourcecode.swift; path = QuranViewController.swift; sourceTree = "<group>"; };
		D91B8EF6269A583400935D0E /* SettingsViewController.swift */ = {isa = PBXFileReference; lastKnownFileType = sourcecode.swift; path = SettingsViewController.swift; sourceTree = "<group>"; };
/* End PBXFileReference section */

/* Begin PBXFrameworksBuildPhase section */
		D91B8EBC269A54FB00935D0E /* Frameworks */ = {
			isa = PBXFrameworksBuildPhase;
			buildActionMask = 2147483647;
			files = (
			);
			runOnlyForDeploymentPostprocessing = 0;
		};
/* End PBXFrameworksBuildPhase section */

/* Begin PBXGroup section */
		D91B8EB6269A54FB00935D0E = {
			isa = PBXGroup;
			children = (
				D91B8EC1269A54FC00935D0E /* MuslimPro */,
				D91B8EC0269A54FC00935D0E /* Products */,
			);
			sourceTree = "<group>";
		};
		D91B8EC0269A54FC00935D0E /* Products */ = {
			isa = PBXGroup;
			children = (
				D91B8EBF269A54FC00935D0E /* MuslimPro.app */,
			);
			name = Products;
			sourceTree = "<group>";
		};
		D91B8EC1269A54FC00935D0E /* MuslimPro */ = {
			isa = PBXGroup;
			children = (
				D91B8EDF269A555300935D0E /* Resources */,
				D91B8EDE269A554700935D0E /* Manager */,
				D91B8EDD269A553600935D0E /* Utitilies */,
				D91B8EDC269A553100935D0E /* Model */,
				D91B8EDB269A552700935D0E /* ViewModel */,
				D91B8EDA269A551F00935D0E /* View */,
				D91B8ED7269A550600935D0E /* Controllers */,
				D91B8ED0269A54FC00935D0E /* Info.plist */,
			);
			path = MuslimPro;
			sourceTree = "<group>";
		};
		D91B8ED7269A550600935D0E /* Controllers */ = {
			isa = PBXGroup;
			children = (
				D91B8EC6269A54FC00935D0E /* BaseTabBarViewController.swift */,
				D91B8EE7269A55C000935D0E /* Onboarding */,
				D91B8EE4269A55A300935D0E /* Core */,
				D91B8EE5269A55A800935D0E /* HomeCollection */,
				D91B8EE6269A55B600935D0E /* Others */,
			);
			path = Controllers;
			sourceTree = "<group>";
		};
		D91B8EDA269A551F00935D0E /* View */ = {
			isa = PBXGroup;
			children = (
				D91B8EE3269A558F00935D0E /* TableViewCell */,
				D91B8EE1269A556A00935D0E /* CollectionViewCell */,
				D91B8EE2269A557500935D0E /* Storyboards */,
			);
			path = View;
			sourceTree = "<group>";
		};
		D91B8EDB269A552700935D0E /* ViewModel */ = {
			isa = PBXGroup;
			children = (
			);
			path = ViewModel;
			sourceTree = "<group>";
		};
		D91B8EDC269A553100935D0E /* Model */ = {
			isa = PBXGroup;
			children = (
			);
			path = Model;
			sourceTree = "<group>";
		};
		D91B8EDD269A553600935D0E /* Utitilies */ = {
			isa = PBXGroup;
			children = (
			);
			path = Utitilies;
			sourceTree = "<group>";
		};
		D91B8EDE269A554700935D0E /* Manager */ = {
			isa = PBXGroup;
			children = (
			);
			path = Manager;
			sourceTree = "<group>";
		};
		D91B8EDF269A555300935D0E /* Resources */ = {
			isa = PBXGroup;
			children = (
				D91B8EC2269A54FC00935D0E /* AppDelegate.swift */,
				D91B8EC4269A54FC00935D0E /* SceneDelegate.swift */,
				D91B8ECB269A54FC00935D0E /* Assets.xcassets */,
			);
			path = Resources;
			sourceTree = "<group>";
		};
		D91B8EE1269A556A00935D0E /* CollectionViewCell */ = {
			isa = PBXGroup;
			children = (
			);
			path = CollectionViewCell;
			sourceTree = "<group>";
		};
		D91B8EE2269A557500935D0E /* Storyboards */ = {
			isa = PBXGroup;
			children = (
				D91B8EC8269A54FC00935D0E /* Main.storyboard */,
				D91B8ECD269A54FC00935D0E /* LaunchScreen.storyboard */,
			);
			path = Storyboards;
			sourceTree = "<group>";
		};
		D91B8EE3269A558F00935D0E /* TableViewCell */ = {
			isa = PBXGroup;
			children = (
			);
			path = TableViewCell;
			sourceTree = "<group>";
		};
		D91B8EE4269A55A300935D0E /* Core */ = {
			isa = PBXGroup;
			children = (
				D91B8EEA269A580A00935D0E /* HomeViewController.swift */,
				D91B8EED269A581400935D0E /* TimesViewController.swift */,
				D91B8EF0269A581E00935D0E /* QiblaViewController.swift */,
				D91B8EF3269A582A00935D0E /* QuranViewController.swift */,
				D91B8EF6269A583400935D0E /* SettingsViewController.swift */,
			);
			path = Core;
			sourceTree = "<group>";
		};
		D91B8EE5269A55A800935D0E /* HomeCollection */ = {
			isa = PBXGroup;
			children = (
			);
			path = HomeCollection;
			sourceTree = "<group>";
		};
		D91B8EE6269A55B600935D0E /* Others */ = {
			isa = PBXGroup;
			children = (
			);
			path = Others;
			sourceTree = "<group>";
		};
		D91B8EE7269A55C000935D0E /* Onboarding */ = {
			isa = PBXGroup;
			children = (
			);
			path = Onboarding;
			sourceTree = "<group>";
		};
/* End PBXGroup section */

/* Begin PBXNativeTarget section */
		D91B8EBE269A54FB00935D0E /* MuslimPro */ = {
			isa = PBXNativeTarget;
			buildConfigurationList = D91B8ED3269A54FC00935D0E /* Build configuration list for PBXNativeTarget "MuslimPro" */;
			buildPhases = (
				D91B8EBB269A54FB00935D0E /* Sources */,
				D91B8EBC269A54FB00935D0E /* Frameworks */,
				D91B8EBD269A54FB00935D0E /* Resources */,
			);
			buildRules = (
			);
			dependencies = (
			);
			name = MuslimPro;
			productName = MuslimPro;
			productReference = D91B8EBF269A54FC00935D0E /* MuslimPro.app */;
			productType = "com.apple.product-type.application";
		};
/* End PBXNativeTarget section */

/* Begin PBXProject section */
		D91B8EB7269A54FB00935D0E /* Project object */ = {
			isa = PBXProject;
			attributes = {
				LastSwiftUpdateCheck = 1240;
				LastUpgradeCheck = 1240;
				TargetAttributes = {
					D91B8EBE269A54FB00935D0E = {
						CreatedOnToolsVersion = 12.4;
					};
				};
			};
			buildConfigurationList = D91B8EBA269A54FB00935D0E /* Build configuration list for PBXProject "MuslimPro" */;
			compatibilityVersion = "Xcode 9.3";
			developmentRegion = en;
			hasScannedForEncodings = 0;
			knownRegions = (
				en,
				Base,
			);
			mainGroup = D91B8EB6269A54FB00935D0E;
			productRefGroup = D91B8EC0269A54FC00935D0E /* Products */;
			projectDirPath = "";
			projectRoot = "";
			targets = (
				D91B8EBE269A54FB00935D0E /* MuslimPro */,
			);
		};
/* End PBXProject section */

/* Begin PBXResourcesBuildPhase section */
		D91B8EBD269A54FB00935D0E /* Resources */ = {
			isa = PBXResourcesBuildPhase;
			buildActionMask = 2147483647;
			files = (
				D91B8ECF269A54FC00935D0E /* LaunchScreen.storyboard in Resources */,
				D91B8ECC269A54FC00935D0E /* Assets.xcassets in Resources */,
				D91B8ECA269A54FC00935D0E /* Main.storyboard in Resources */,
			);
			runOnlyForDeploymentPostprocessing = 0;
		};
/* End PBXResourcesBuildPhase section */

/* Begin PBXSourcesBuildPhase section */
		D91B8EBB269A54FB00935D0E /* Sources */ = {
			isa = PBXSourcesBuildPhase;
			buildActionMask = 2147483647;
			files = (
				D91B8EF1269A581E00935D0E /* QiblaViewController.swift in Sources */,
				D91B8EC7269A54FC00935D0E /* BaseTabBarViewController.swift in Sources */,
				D91B8EC3269A54FC00935D0E /* AppDelegate.swift in Sources */,
				D91B8EC5269A54FC00935D0E /* SceneDelegate.swift in Sources */,
				D91B8EEE269A581400935D0E /* TimesViewController.swift in Sources */,
				D91B8EEB269A580A00935D0E /* HomeViewController.swift in Sources */,
				D91B8EF4269A582A00935D0E /* QuranViewController.swift in Sources */,
				D91B8EF7269A583400935D0E /* SettingsViewController.swift in Sources */,
			);
			runOnlyForDeploymentPostprocessing = 0;
		};
/* End PBXSourcesBuildPhase section */

/* Begin PBXVariantGroup section */
		D91B8EC8269A54FC00935D0E /* Main.storyboard */ = {
			isa = PBXVariantGroup;
			children = (
				D91B8EC9269A54FC00935D0E /* Base */,
			);
			name = Main.storyboard;
			sourceTree = "<group>";
		};
		D91B8ECD269A54FC00935D0E /* LaunchScreen.storyboard */ = {
			isa = PBXVariantGroup;
			children = (
				D91B8ECE269A54FC00935D0E /* Base */,
			);
			name = LaunchScreen.storyboard;
			sourceTree = "<group>";
		};
/* End PBXVariantGroup section */

/* Begin XCBuildConfiguration section */
		D91B8ED1269A54FC00935D0E /* Debug */ = {
			isa = XCBuildConfiguration;
			buildSettings = {
				ALWAYS_SEARCH_USER_PATHS = NO;
				CLANG_ANALYZER_NONNULL = YES;
				CLANG_ANALYZER_NUMBER_OBJECT_CONVERSION = YES_AGGRESSIVE;
				CLANG_CXX_LANGUAGE_STANDARD = "gnu++14";
				CLANG_CXX_LIBRARY = "libc++";
				CLANG_ENABLE_MODULES = YES;
				CLANG_ENABLE_OBJC_ARC = YES;
				CLANG_ENABLE_OBJC_WEAK = YES;
				CLANG_WARN_BLOCK_CAPTURE_AUTORELEASING = YES;
				CLANG_WARN_BOOL_CONVERSION = YES;
				CLANG_WARN_COMMA = YES;
				CLANG_WARN_CONSTANT_CONVERSION = YES;
				CLANG_WARN_DEPRECATED_OBJC_IMPLEMENTATIONS = YES;
				CLANG_WARN_DIRECT_OBJC_ISA_USAGE = YES_ERROR;
				CLANG_WARN_DOCUMENTATION_COMMENTS = YES;
				CLANG_WARN_EMPTY_BODY = YES;
				CLANG_WARN_ENUM_CONVERSION = YES;
				CLANG_WARN_INFINITE_RECURSION = YES;
				CLANG_WARN_INT_CONVERSION = YES;
				CLANG_WARN_NON_LITERAL_NULL_CONVERSION = YES;
				CLANG_WARN_OBJC_IMPLICIT_RETAIN_SELF = YES;
				CLANG_WARN_OBJC_LITERAL_CONVERSION = YES;
				CLANG_WARN_OBJC_ROOT_CLASS = YES_ERROR;
				CLANG_WARN_QUOTED_INCLUDE_IN_FRAMEWORK_HEADER = YES;
				CLANG_WARN_RANGE_LOOP_ANALYSIS = YES;
				CLANG_WARN_STRICT_PROTOTYPES = YES;
				CLANG_WARN_SUSPICIOUS_MOVE = YES;
				CLANG_WARN_UNGUARDED_AVAILABILITY = YES_AGGRESSIVE;
				CLANG_WARN_UNREACHABLE_CODE = YES;
				CLANG_WARN__DUPLICATE_METHOD_MATCH = YES;
				COPY_PHASE_STRIP = NO;
				DEBUG_INFORMATION_FORMAT = dwarf;
				ENABLE_STRICT_OBJC_MSGSEND = YES;
				ENABLE_TESTABILITY = YES;
				GCC_C_LANGUAGE_STANDARD = gnu11;
				GCC_DYNAMIC_NO_PIC = NO;
				GCC_NO_COMMON_BLOCKS = YES;
				GCC_OPTIMIZATION_LEVEL = 0;
				GCC_PREPROCESSOR_DEFINITIONS = (
					"DEBUG=1",
					"$(inherited)",
				);
				GCC_WARN_64_TO_32_BIT_CONVERSION = YES;
				GCC_WARN_ABOUT_RETURN_TYPE = YES_ERROR;
				GCC_WARN_UNDECLARED_SELECTOR = YES;
				GCC_WARN_UNINITIALIZED_AUTOS = YES_AGGRESSIVE;
				GCC_WARN_UNUSED_FUNCTION = YES;
				GCC_WARN_UNUSED_VARIABLE = YES;
				IPHONEOS_DEPLOYMENT_TARGET = 13.0;
				MTL_ENABLE_DEBUG_INFO = INCLUDE_SOURCE;
				MTL_FAST_MATH = YES;
				ONLY_ACTIVE_ARCH = YES;
				SDKROOT = iphoneos;
				SWIFT_ACTIVE_COMPILATION_CONDITIONS = DEBUG;
				SWIFT_OPTIMIZATION_LEVEL = "-Onone";
			};
			name = Debug;
		};
		D91B8ED2269A54FC00935D0E /* Release */ = {
			isa = XCBuildConfiguration;
			buildSettings = {
				ALWAYS_SEARCH_USER_PATHS = NO;
				CLANG_ANALYZER_NONNULL = YES;
				CLANG_ANALYZER_NUMBER_OBJECT_CONVERSION = YES_AGGRESSIVE;
				CLANG_CXX_LANGUAGE_STANDARD = "gnu++14";
				CLANG_CXX_LIBRARY = "libc++";
				CLANG_ENABLE_MODULES = YES;
				CLANG_ENABLE_OBJC_ARC = YES;
				CLANG_ENABLE_OBJC_WEAK = YES;
				CLANG_WARN_BLOCK_CAPTURE_AUTORELEASING = YES;
				CLANG_WARN_BOOL_CONVERSION = YES;
				CLANG_WARN_COMMA = YES;
				CLANG_WARN_CONSTANT_CONVERSION = YES;
				CLANG_WARN_DEPRECATED_OBJC_IMPLEMENTATIONS = YES;
				CLANG_WARN_DIRECT_OBJC_ISA_USAGE = YES_ERROR;
				CLANG_WARN_DOCUMENTATION_COMMENTS = YES;
				CLANG_WARN_EMPTY_BODY = YES;
				CLANG_WARN_ENUM_CONVERSION = YES;
				CLANG_WARN_INFINITE_RECURSION = YES;
				CLANG_WARN_INT_CONVERSION = YES;
				CLANG_WARN_NON_LITERAL_NULL_CONVERSION = YES;
				CLANG_WARN_OBJC_IMPLICIT_RETAIN_SELF = YES;
				CLANG_WARN_OBJC_LITERAL_CONVERSION = YES;
				CLANG_WARN_OBJC_ROOT_CLASS = YES_ERROR;
				CLANG_WARN_QUOTED_INCLUDE_IN_FRAMEWORK_HEADER = YES;
				CLANG_WARN_RANGE_LOOP_ANALYSIS = YES;
				CLANG_WARN_STRICT_PROTOTYPES = YES;
				CLANG_WARN_SUSPICIOUS_MOVE = YES;
				CLANG_WARN_UNGUARDED_AVAILABILITY = YES_AGGRESSIVE;
				CLANG_WARN_UNREACHABLE_CODE = YES;
				CLANG_WARN__DUPLICATE_METHOD_MATCH = YES;
				COPY_PHASE_STRIP = NO;
				DEBUG_INFORMATION_FORMAT = "dwarf-with-dsym";
				ENABLE_NS_ASSERTIONS = NO;
				ENABLE_STRICT_OBJC_MSGSEND = YES;
				GCC_C_LANGUAGE_STANDARD = gnu11;
				GCC_NO_COMMON_BLOCKS = YES;
				GCC_WARN_64_TO_32_BIT_CONVERSION = YES;
				GCC_WARN_ABOUT_RETURN_TYPE = YES_ERROR;
				GCC_WARN_UNDECLARED_SELECTOR = YES;
				GCC_WARN_UNINITIALIZED_AUTOS = YES_AGGRESSIVE;
				GCC_WARN_UNUSED_FUNCTION = YES;
				GCC_WARN_UNUSED_VARIABLE = YES;
				IPHONEOS_DEPLOYMENT_TARGET = 13.0;
				MTL_ENABLE_DEBUG_INFO = NO;
				MTL_FAST_MATH = YES;
				SDKROOT = iphoneos;
				SWIFT_COMPILATION_MODE = wholemodule;
				SWIFT_OPTIMIZATION_LEVEL = "-O";
				VALIDATE_PRODUCT = YES;
			};
			name = Release;
		};
		D91B8ED4269A54FC00935D0E /* Debug */ = {
			isa = XCBuildConfiguration;
			buildSettings = {
				ASSETCATALOG_COMPILER_APPICON_NAME = AppIcon;
				ASSETCATALOG_COMPILER_GLOBAL_ACCENT_COLOR_NAME = AccentColor;
				CODE_SIGN_STYLE = Automatic;
				DEVELOPMENT_TEAM = 4A7J823U6W;
				INFOPLIST_FILE = MuslimPro/Info.plist;
				LD_RUNPATH_SEARCH_PATHS = (
					"$(inherited)",
					"@executable_path/Frameworks",
				);
				PRODUCT_BUNDLE_IDENTIFIER = com.TeamGiHub.MuslimPro;
				PRODUCT_NAME = "$(TARGET_NAME)";
				SWIFT_VERSION = 5.0;
				TARGETED_DEVICE_FAMILY = "1,2";
			};
			name = Debug;
		};
		D91B8ED5269A54FC00935D0E /* Release */ = {
			isa = XCBuildConfiguration;
			buildSettings = {
				ASSETCATALOG_COMPILER_APPICON_NAME = AppIcon;
				ASSETCATALOG_COMPILER_GLOBAL_ACCENT_COLOR_NAME = AccentColor;
				CODE_SIGN_STYLE = Automatic;
				DEVELOPMENT_TEAM = 4A7J823U6W;
				INFOPLIST_FILE = MuslimPro/Info.plist;
				LD_RUNPATH_SEARCH_PATHS = (
					"$(inherited)",
					"@executable_path/Frameworks",
				);
				PRODUCT_BUNDLE_IDENTIFIER = com.TeamGiHub.MuslimPro;
				PRODUCT_NAME = "$(TARGET_NAME)";
				SWIFT_VERSION = 5.0;
				TARGETED_DEVICE_FAMILY = "1,2";
			};
			name = Release;
		};
/* End XCBuildConfiguration section */

/* Begin XCConfigurationList section */
		D91B8EBA269A54FB00935D0E /* Build configuration list for PBXProject "MuslimPro" */ = {
			isa = XCConfigurationList;
			buildConfigurations = (
				D91B8ED1269A54FC00935D0E /* Debug */,
				D91B8ED2269A54FC00935D0E /* Release */,
			);
			defaultConfigurationIsVisible = 0;
			defaultConfigurationName = Release;
		};
		D91B8ED3269A54FC00935D0E /* Build configuration list for PBXNativeTarget "MuslimPro" */ = {
			isa = XCConfigurationList;
			buildConfigurations = (
				D91B8ED4269A54FC00935D0E /* Debug */,
				D91B8ED5269A54FC00935D0E /* Release */,
			);
			defaultConfigurationIsVisible = 0;
			defaultConfigurationName = Release;
		};
/* End XCConfigurationList section */
	};
	rootObject = D91B8EB7269A54FB00935D0E /* Project object */;
}
